// !$*UTF8*$!
{
	archiveVersion = 1;
	classes = {
	};
	objectVersion = 50;
	objects = {

/* Begin PBXBuildFile section */
		EBA7BD8C2092B3AE0092409C /* AppDelegate.swift in Sources */ = {isa = PBXBuildFile; fileRef = EBA7BD8B2092B3AE0092409C /* AppDelegate.swift */; };
		EBA7BD8E2092B3AE0092409C /* ViewController.swift in Sources */ = {isa = PBXBuildFile; fileRef = EBA7BD8D2092B3AE0092409C /* ViewController.swift */; };
		EBA7BD912092B3AE0092409C /* Main.storyboard in Resources */ = {isa = PBXBuildFile; fileRef = EBA7BD8F2092B3AE0092409C /* Main.storyboard */; };
		EBA7BD932092B3B10092409C /* Assets.xcassets in Resources */ = {isa = PBXBuildFile; fileRef = EBA7BD922092B3B10092409C /* Assets.xcassets */; };
		EBA7BD962092B3B10092409C /* LaunchScreen.storyboard in Resources */ = {isa = PBXBuildFile; fileRef = EBA7BD942092B3B10092409C /* LaunchScreen.storyboard */; };
		EBA7BD9E2092CDDE0092409C /* TimeExtention.swift in Sources */ = {isa = PBXBuildFile; fileRef = EBA7BD9D2092CDDE0092409C /* TimeExtention.swift */; };
/* End PBXBuildFile section */

/* Begin PBXFileReference section */
		EBA7BD882092B3AE0092409C /* VideoPlayer_Django.app */ = {isa = PBXFileReference; explicitFileType = wrapper.application; includeInIndex = 0; path = VideoPlayer_Django.app; sourceTree = BUILT_PRODUCTS_DIR; };
		EBA7BD8B2092B3AE0092409C /* AppDelegate.swift */ = {isa = PBXFileReference; lastKnownFileType = sourcecode.swift; path = AppDelegate.swift; sourceTree = "<group>"; };
		EBA7BD8D2092B3AE0092409C /* ViewController.swift */ = {isa = PBXFileReference; lastKnownFileType = sourcecode.swift; path = ViewController.swift; sourceTree = "<group>"; };
		EBA7BD902092B3AE0092409C /* Base */ = {isa = PBXFileReference; lastKnownFileType = file.storyboard; name = Base; path = Base.lproj/Main.storyboard; sourceTree = "<group>"; };
		EBA7BD922092B3B10092409C /* Assets.xcassets */ = {isa = PBXFileReference; lastKnownFileType = folder.assetcatalog; path = Assets.xcassets; sourceTree = "<group>"; };
		EBA7BD952092B3B10092409C /* Base */ = {isa = PBXFileReference; lastKnownFileType = file.storyboard; name = Base; path = Base.lproj/LaunchScreen.storyboard; sourceTree = "<group>"; };
		EBA7BD972092B3B10092409C /* Info.plist */ = {isa = PBXFileReference; lastKnownFileType = text.plist.xml; path = Info.plist; sourceTree = "<group>"; };
		EBA7BD9D2092CDDE0092409C /* TimeExtention.swift */ = {isa = PBXFileReference; lastKnownFileType = sourcecode.swift; path = TimeExtention.swift; sourceTree = "<group>"; };
/* End PBXFileReference section */

/* Begin PBXFrameworksBuildPhase section */
		EBA7BD852092B3AE0092409C /* Frameworks */ = {
			isa = PBXFrameworksBuildPhase;
			buildActionMask = 2147483647;
			files = (
			);
			runOnlyForDeploymentPostprocessing = 0;
		};
/* End PBXFrameworksBuildPhase section */

/* Begin PBXGroup section */
		EBA7BD7F2092B3AE0092409C = {
			isa = PBXGroup;
			children = (
				EBA7BD8A2092B3AE0092409C /* VideoPlayer_Django */,
				EBA7BD892092B3AE0092409C /* Products */,
			);
			sourceTree = "<group>";
		};
		EBA7BD892092B3AE0092409C /* Products */ = {
			isa = PBXGroup;
			children = (
				EBA7BD882092B3AE0092409C /* VideoPlayer_Django.app */,
			);
			name = Products;
			sourceTree = "<group>";
		};
		EBA7BD8A2092B3AE0092409C /* VideoPlayer_Django */ = {
			isa = PBXGroup;
			children = (
				EBA7BD8B2092B3AE0092409C /* AppDelegate.swift */,
				EBA7BD8D2092B3AE0092409C /* ViewController.swift */,
				EBA7BD9D2092CDDE0092409C /* TimeExtention.swift */,
				EBA7BD8F2092B3AE0092409C /* Main.storyboard */,
				EBA7BD922092B3B10092409C /* Assets.xcassets */,
				EBA7BD942092B3B10092409C /* LaunchScreen.storyboard */,
				EBA7BD972092B3B10092409C /* Info.plist */,
			);
			path = VideoPlayer_Django;
			sourceTree = "<group>";
		};
/* End PBXGroup section */

/* Begin PBXNativeTarget section */
		EBA7BD872092B3AE0092409C /* VideoPlayer_Django */ = {
			isa = PBXNativeTarget;
			buildConfigurationList = EBA7BD9A2092B3B10092409C /* Build configuration list for PBXNativeTarget "VideoPlayer_Django" */;
			buildPhases = (
				EBA7BD842092B3AE0092409C /* Sources */,
				EBA7BD852092B3AE0092409C /* Frameworks */,
				EBA7BD862092B3AE0092409C /* Resources */,
			);
			buildRules = (
			);
			dependencies = (
			);
			name = VideoPlayer_Django;
			productName = VideoPlayer_Django;
			productReference = EBA7BD882092B3AE0092409C /* VideoPlayer_Django.app */;
			productType = "com.apple.product-type.application";
		};
/* End PBXNativeTarget section */

/* Begin PBXProject section */
		EBA7BD802092B3AE0092409C /* Project object */ = {
			isa = PBXProject;
			attributes = {
				LastSwiftUpdateCheck = 0930;
				LastUpgradeCheck = 0930;
				ORGANIZATIONNAME = DjangoCode;
				TargetAttributes = {
					EBA7BD872092B3AE0092409C = {
						CreatedOnToolsVersion = 9.3;
					};
				};
			};
			buildConfigurationList = EBA7BD832092B3AE0092409C /* Build configuration list for PBXProject "VideoPlayer_Django" */;
			compatibilityVersion = "Xcode 9.3";
			developmentRegion = en;
			hasScannedForEncodings = 0;
			knownRegions = (
				en,
				Base,
			);
			mainGroup = EBA7BD7F2092B3AE0092409C;
			productRefGroup = EBA7BD892092B3AE0092409C /* Products */;
			projectDirPath = "";
			projectRoot = "";
			targets = (
				EBA7BD872092B3AE0092409C /* VideoPlayer_Django */,
			);
		};
/* End PBXProject section */

/* Begin PBXResourcesBuildPhase section */
		EBA7BD862092B3AE0092409C /* Resources */ = {
			isa = PBXResourcesBuildPhase;
			buildActionMask = 2147483647;
			files = (
				EBA7BD962092B3B10092409C /* LaunchScreen.storyboard in Resources */,
				EBA7BD932092B3B10092409C /* Assets.xcassets in Resources */,
				EBA7BD912092B3AE0092409C /* Main.storyboard in Resources */,
			);
			runOnlyForDeploymentPostprocessing = 0;
		};
/* End PBXResourcesBuildPhase section */

/* Begin PBXSourcesBuildPhase section */
		EBA7BD842092B3AE0092409C /* Sources */ = {
			isa = PBXSourcesBuildPhase;
			buildActionMask = 2147483647;
			files = (
				EBA7BD8E2092B3AE0092409C /* ViewController.swift in Sources */,
				EBA7BD8C2092B3AE0092409C /* AppDelegate.swift in Sources */,
				EBA7BD9E2092CDDE0092409C /* TimeExtention.swift in Sources */,
			);
			runOnlyForDeploymentPostprocessing = 0;
		};
/* End PBXSourcesBuildPhase section */

/* Begin PBXVariantGroup section */
		EBA7BD8F2092B3AE0092409C /* Main.storyboard */ = {
			isa = PBXVariantGroup;
			children = (
				EBA7BD902092B3AE0092409C /* Base */,
			);
			name = Main.storyboard;
			sourceTree = "<group>";
		};
		EBA7BD942092B3B10092409C /* LaunchScreen.storyboard */ = {
			isa = PBXVariantGroup;
			children = (
				EBA7BD952092B3B10092409C /* Base */,
			);
			name = LaunchScreen.storyboard;
			sourceTree = "<group>";
		};
/* End PBXVariantGroup section */

/* Begin XCBuildConfiguration section */
		EBA7BD982092B3B10092409C /* Debug */ = {
			isa = XCBuildConfiguration;
			buildSettings = {
				ALWAYS_SEARCH_USER_PATHS = NO;
				CLANG_ANALYZER_NONNULL = YES;
				CLANG_ANALYZER_NUMBER_OBJECT_CONVERSION = YES_AGGRESSIVE;
				CLANG_CXX_LANGUAGE_STANDARD = "gnu++14";
				CLANG_CXX_LIBRARY = "libc++";
				CLANG_ENABLE_MODULES = YES;
				CLANG_ENABLE_OBJC_ARC = YES;
				CLANG_ENABLE_OBJC_WEAK = YES;
				CLANG_WARN_BLOCK_CAPTURE_AUTORELEASING = YES;
				CLANG_WARN_BOOL_CONVERSION = YES;
				CLANG_WARN_COMMA = YES;
				CLANG_WARN_CONSTANT_CONVERSION = YES;
				CLANG_WARN_DEPRECATED_OBJC_IMPLEMENTATIONS = YES;
				CLANG_WARN_DIRECT_OBJC_ISA_USAGE = YES_ERROR;
				CLANG_WARN_DOCUMENTATION_COMMENTS = YES;
				CLANG_WARN_EMPTY_BODY = YES;
				CLANG_WARN_ENUM_CONVERSION = YES;
				CLANG_WARN_INFINITE_RECURSION = YES;
				CLANG_WARN_INT_CONVERSION = YES;
				CLANG_WARN_NON_LITERAL_NULL_CONVERSION = YES;
				CLANG_WARN_OBJC_IMPLICIT_RETAIN_SELF = YES;
				CLANG_WARN_OBJC_LITERAL_CONVERSION = YES;
				CLANG_WARN_OBJC_ROOT_CLASS = YES_ERROR;
				CLANG_WARN_RANGE_LOOP_ANALYSIS = YES;
				CLANG_WARN_STRICT_PROTOTYPES = YES;
				CLANG_WARN_SUSPICIOUS_MOVE = YES;
				CLANG_WARN_UNGUARDED_AVAILABILITY = YES_AGGRESSIVE;
				CLANG_WARN_UNREACHABLE_CODE = YES;
				CLANG_WARN__DUPLICATE_METHOD_MATCH = YES;
				CODE_SIGN_IDENTITY = "iPhone Developer";
				COPY_PHASE_STRIP = NO;
				DEBUG_INFORMATION_FORMAT = dwarf;
				ENABLE_STRICT_OBJC_MSGSEND = YES;
				ENABLE_TESTABILITY = YES;
				GCC_C_LANGUAGE_STANDARD = gnu11;
				GCC_DYNAMIC_NO_PIC = NO;
				GCC_NO_COMMON_BLOCKS = YES;
				GCC_OPTIMIZATION_LEVEL = 0;
				GCC_PREPROCESSOR_DEFINITIONS = (
					"DEBUG=1",
					"$(inherited)",
				);
				GCC_WARN_64_TO_32_BIT_CONVERSION = YES;
				GCC_WARN_ABOUT_RETURN_TYPE = YES_ERROR;
				GCC_WARN_UNDECLARED_SELECTOR = YES;
				GCC_WARN_UNINITIALIZED_AUTOS = YES_AGGRESSIVE;
				GCC_WARN_UNUSED_FUNCTION = YES;
				GCC_WARN_UNUSED_VARIABLE = YES;
				IPHONEOS_DEPLOYMENT_TARGET = 11.3;
				MTL_ENABLE_DEBUG_INFO = YES;
				ONLY_ACTIVE_ARCH = YES;
				SDKROOT = iphoneos;
				SWIFT_ACTIVE_COMPILATION_CONDITIONS = DEBUG;
				SWIFT_OPTIMIZATION_LEVEL = "-Onone";
			};
			name = Debug;
		};
		EBA7BD992092B3B10092409C /* Release */ = {
			isa = XCBuildConfiguration;
			buildSettings = {
				ALWAYS_SEARCH_USER_PATHS = NO;
				CLANG_ANALYZER_NONNULL = YES;
				CLANG_ANALYZER_NUMBER_OBJECT_CONVERSION = YES_AGGRESSIVE;
				CLANG_CXX_LANGUAGE_STANDARD = "gnu++14";
				CLANG_CXX_LIBRARY = "libc++";
				CLANG_ENABLE_MODULES = YES;
				CLANG_ENABLE_OBJC_ARC = YES;
				CLANG_ENABLE_OBJC_WEAK = YES;
				CLANG_WARN_BLOCK_CAPTURE_AUTORELEASING = YES;
				CLANG_WARN_BOOL_CONVERSION = YES;
				CLANG_WARN_COMMA = YES;
				CLANG_WARN_CONSTANT_CONVERSION = YES;
				CLANG_WARN_DEPRECATED_OBJC_IMPLEMENTATIONS = YES;
				CLANG_WARN_DIRECT_OBJC_ISA_USAGE = YES_ERROR;
				CLANG_WARN_DOCUMENTATION_COMMENTS = YES;
				CLANG_WARN_EMPTY_BODY = YES;
				CLANG_WARN_ENUM_CONVERSION = YES;
				CLANG_WARN_INFINITE_RECURSION = YES;
				CLANG_WARN_INT_CONVERSION = YES;
				CLANG_WARN_NON_LITERAL_NULL_CONVERSION = YES;
				CLANG_WARN_OBJC_IMPLICIT_RETAIN_SELF = YES;
				CLANG_WARN_OBJC_LITERAL_CONVERSION = YES;
				CLANG_WARN_OBJC_ROOT_CLASS = YES_ERROR;
				CLANG_WARN_RANGE_LOOP_ANALYSIS = YES;
				CLANG_WARN_STRICT_PROTOTYPES = YES;
				CLANG_WARN_SUSPICIOUS_MOVE = YES;
				CLANG_WARN_UNGUARDED_AVAILABILITY = YES_AGGRESSIVE;
				CLANG_WARN_UNREACHABLE_CODE = YES;
				CLANG_WARN__DUPLICATE_METHOD_MATCH = YES;
				CODE_SIGN_IDENTITY = "iPhone Developer";
				COPY_PHASE_STRIP = NO;
				DEBUG_INFORMATION_FORMAT = "dwarf-with-dsym";
				ENABLE_NS_ASSERTIONS = NO;
				ENABLE_STRICT_OBJC_MSGSEND = YES;
				GCC_C_LANGUAGE_STANDARD = gnu11;
				GCC_NO_COMMON_BLOCKS = YES;
				GCC_WARN_64_TO_32_BIT_CONVERSION = YES;
				GCC_WARN_ABOUT_RETURN_TYPE = YES_ERROR;
				GCC_WARN_UNDECLARED_SELECTOR = YES;
				GCC_WARN_UNINITIALIZED_AUTOS = YES_AGGRESSIVE;
				GCC_WARN_UNUSED_FUNCTION = YES;
				GCC_WARN_UNUSED_VARIABLE = YES;
				IPHONEOS_DEPLOYMENT_TARGET = 11.3;
				MTL_ENABLE_DEBUG_INFO = NO;
				SDKROOT = iphoneos;
				SWIFT_COMPILATION_MODE = wholemodule;
				SWIFT_OPTIMIZATION_LEVEL = "-O";
				VALIDATE_PRODUCT = YES;
			};
			name = Release;
		};
		EBA7BD9B2092B3B10092409C /* Debug */ = {
			isa = XCBuildConfiguration;
			buildSettings = {
				ASSETCATALOG_COMPILER_APPICON_NAME = AppIcon;
				CODE_SIGN_STYLE = Automatic;
				DEVELOPMENT_TEAM = 2CY3RX8F76;
				INFOPLIST_FILE = VideoPlayer_Django/Info.plist;
				LD_RUNPATH_SEARCH_PATHS = (
					"$(inherited)",
					"@executable_path/Frameworks",
				);
				PRODUCT_BUNDLE_IDENTIFIER = "com.DjangoCode.VideoPlayer-Django";
				PRODUCT_NAME = "$(TARGET_NAME)";
				SWIFT_VERSION = 4.0;
				TARGETED_DEVICE_FAMILY = "1,2";
			};
			name = Debug;
		};
		EBA7BD9C2092B3B10092409C /* Release */ = {
			isa = XCBuildConfiguration;
			buildSettings = {
				ASSETCATALOG_COMPILER_APPICON_NAME = AppIcon;
				CODE_SIGN_STYLE = Automatic;
				DEVELOPMENT_TEAM = 2CY3RX8F76;
				INFOPLIST_FILE = VideoPlayer_Django/Info.plist;
				LD_RUNPATH_SEARCH_PATHS = (
					"$(inherited)",
					"@executable_path/Frameworks",
				);
				PRODUCT_BUNDLE_IDENTIFIER = "com.DjangoCode.VideoPlayer-Django";
				PRODUCT_NAME = "$(TARGET_NAME)";
				SWIFT_VERSION = 4.0;
				TARGETED_DEVICE_FAMILY = "1,2";
			};
			name = Release;
		};
/* End XCBuildConfiguration section */

/* Begin XCConfigurationList section */
		EBA7BD832092B3AE0092409C /* Build configuration list for PBXProject "VideoPlayer_Django" */ = {
			isa = XCConfigurationList;
			buildConfigurations = (
				EBA7BD982092B3B10092409C /* Debug */,
				EBA7BD992092B3B10092409C /* Release */,
			);
			defaultConfigurationIsVisible = 0;
			defaultConfigurationName = Release;
		};
		EBA7BD9A2092B3B10092409C /* Build configuration list for PBXNativeTarget "VideoPlayer_Django" */ = {
			isa = XCConfigurationList;
			buildConfigurations = (
				EBA7BD9B2092B3B10092409C /* Debug */,
				EBA7BD9C2092B3B10092409C /* Release */,
			);
			defaultConfigurationIsVisible = 0;
			defaultConfigurationName = Release;
		};
/* End XCConfigurationList section */
	};
	rootObject = EBA7BD802092B3AE0092409C /* Project object */;
}
